
Microsoft Visual Studio Solution File, Format Version 12.00
# Visual Studio 15
Project("{FAE04EC0-301F-11D3-BF4B-00C04F79EFBC}") = "UnityEngine.TestRunner", "UnityEngine.TestRunner.csproj", "{C29ACA33-E3DC-48E6-57B1-56D8EED4F25B}"
EndProject
Project("{FAE04EC0-301F-11D3-BF4B-00C04F79EFBC}") = "Unity.2D.Animation.Triangle.Runtime", "Unity.2D.Animation.Triangle.Runtime.csproj", "{B674DDE7-46F5-0E34-46A4-D1906DE62720}"
EndProject
Project("{FAE04EC0-301F-11D3-BF4B-00C04F79EFBC}") = "UnityEngine.UI", "UnityEngine.UI.csproj", "{D15EE315-F850-F60C-885C-784BCFA8BA13}"
EndProject
Project("{FAE04EC0-301F-11D3-BF4B-00C04F79EFBC}") = "Unity.TextMeshPro", "Unity.TextMeshPro.csproj", "{A8230C34-10F3-5BC7-843E-06B027ED64C7}"
EndProject
Project("{FAE04EC0-301F-11D3-BF4B-00C04F79EFBC}") = "Unity.2D.Animation.Runtime", "Unity.2D.Animation.Runtime.csproj", "{BBF7AFDB-D6E1-28FF-D51E-503A7378600F}"
EndProject
Project("{FAE04EC0-301F-11D3-BF4B-00C04F79EFBC}") = "Unity.Timeline", "Unity.Timeline.csproj", "{12A1C654-441C-31AF-5A21-5CC5C8A6D8A7}"
EndProject
Project("{FAE04EC0-301F-11D3-BF4B-00C04F79EFBC}") = "Unity.Mathematics", "Unity.Mathematics.csproj", "{45D88F34-EE6D-7E41-662A-CD803912FCAF}"
EndProject
Project("{FAE04EC0-301F-11D3-BF4B-00C04F79EFBC}") = "Unity.2D.SpriteShape.Runtime", "Unity.2D.SpriteShape.Runtime.csproj", "{28893230-3A03-05C6-F7EF-52D2FF2AC41F}"
EndProject
Project("{FAE04EC0-301F-11D3-BF4B-00C04F79EFBC}") = "Unity.2D.PixelPerfect", "Unity.2D.PixelPerfect.csproj", "{6B60E507-E3AA-368C-CE62-F1E62F555B26}"
EndProject
Project("{FAE04EC0-301F-11D3-BF4B-00C04F79EFBC}") = "Unity.InternalAPIEngineBridge.001", "Unity.InternalAPIEngineBridge.001.csproj", "{C0BC5332-8682-4DA6-7B1F-C59186A31B6F}"
EndProject
Project("{FAE04EC0-301F-11D3-BF4B-00C04F79EFBC}") = "Assembly-CSharp", "Assembly-CSharp.csproj", "{7920E0A0-91D9-8C0C-6A7D-3300860372F0}"
EndProject
Project("{FAE04EC0-301F-11D3-BF4B-00C04F79EFBC}") = "Unity.2D.Common.Runtime", "Unity.2D.Common.Runtime.csproj", "{F24FEA0B-C102-713F-8B58-B0C021C5F146}"
EndProject
Project("{FAE04EC0-301F-11D3-BF4B-00C04F79EFBC}") = "Unity.TextMeshPro.Editor", "Unity.TextMeshPro.Editor.csproj", "{7F23C78F-54CC-E319-504C-16DD5E83E1B7}"
EndProject
Project("{FAE04EC0-301F-11D3-BF4B-00C04F79EFBC}") = "Ludiq.PeekCore.Runtime", "Ludiq.PeekCore.Runtime.csproj", "{59581ECD-4061-E561-135D-CC598D830479}"
EndProject
Project("{FAE04EC0-301F-11D3-BF4B-00C04F79EFBC}") = "Unity.Timeline.Editor", "Unity.Timeline.Editor.csproj", "{DB9A3C60-8C14-6A8D-E729-A3AD6169C6C6}"
EndProject
Project("{FAE04EC0-301F-11D3-BF4B-00C04F79EFBC}") = "Ludiq.PeekCore.Editor", "Ludiq.PeekCore.Editor.csproj", "{7A7E81A2-9E4E-DD60-3A43-16A9072F11EF}"
EndProject
Project("{FAE04EC0-301F-11D3-BF4B-00C04F79EFBC}") = "UnityEditor.TestRunner", "UnityEditor.TestRunner.csproj", "{4FE7FFE3-7099-B022-C1D7-20BA621979AF}"
EndProject
Project("{FAE04EC0-301F-11D3-BF4B-00C04F79EFBC}") = "Unity.2D.Animation.Editor", "Unity.2D.Animation.Editor.csproj", "{AD57FC03-14C7-2EC3-13C2-BB9C6CB8B632}"
EndProject
Project("{FAE04EC0-301F-11D3-BF4B-00C04F79EFBC}") = "Unity.2D.Path.Editor", "Unity.2D.Path.Editor.csproj", "{BFA84A4D-281A-D760-63A0-EDB6AFBEE9FA}"
EndProject
Project("{FAE04EC0-301F-11D3-BF4B-00C04F79EFBC}") = "Unity.2D.Sprite.Editor", "Unity.2D.Sprite.Editor.csproj", "{738D7749-7255-D4B7-BCA4-B303001FBD68}"
EndProject
Project("{FAE04EC0-301F-11D3-BF4B-00C04F79EFBC}") = "UnityEditor.UI", "UnityEditor.UI.csproj", "{5D8B9199-BEAC-EBCA-F3A8-9A618F7AE7E8}"
EndProject
Project("{FAE04EC0-301F-11D3-BF4B-00C04F79EFBC}") = "Ludiq.Peek.Editor", "Ludiq.Peek.Editor.csproj", "{1AE26955-4887-5EF6-955D-C195A9829B87}"
EndProject
Project("{FAE04EC0-301F-11D3-BF4B-00C04F79EFBC}") = "Unity.Rider.Editor", "Unity.Rider.Editor.csproj", "{033093D3-06FB-9BE9-58E6-1F3CE5B87016}"
EndProject
Project("{FAE04EC0-301F-11D3-BF4B-00C04F79EFBC}") = "Unity.2D.Tilemap.Editor", "Unity.2D.Tilemap.Editor.csproj", "{C965971B-ED80-AFC7-81AD-44FB513D5586}"
EndProject
Project("{FAE04EC0-301F-11D3-BF4B-00C04F79EFBC}") = "Unity.2D.SpriteShape.Editor", "Unity.2D.SpriteShape.Editor.csproj", "{A539985A-D71E-F190-896A-D127FA304906}"
EndProject
Project("{FAE04EC0-301F-11D3-BF4B-00C04F79EFBC}") = "PsdPlugin", "PsdPlugin.csproj", "{9FE36D92-CEAC-D7CF-07B6-BEB48528A5C2}"
EndProject
Project("{FAE04EC0-301F-11D3-BF4B-00C04F79EFBC}") = "Unity.CollabProxy.Editor", "Unity.CollabProxy.Editor.csproj", "{8B55D291-BBF4-80D9-93C1-1BD965BC653C}"
EndProject
Project("{FAE04EC0-301F-11D3-BF4B-00C04F79EFBC}") = "Unity.2D.Common.Editor", "Unity.2D.Common.Editor.csproj", "{96FA3F5E-2010-4000-B03A-18F50B83C592}"
EndProject
Project("{FAE04EC0-301F-11D3-BF4B-00C04F79EFBC}") = "Unity.VSCode.Editor", "Unity.VSCode.Editor.csproj", "{3F3A173F-6C0B-74F7-8950-F133719C3B2D}"
EndProject
Project("{FAE04EC0-301F-11D3-BF4B-00C04F79EFBC}") = "Unity.2D.Psdimporter.Editor", "Unity.2D.Psdimporter.Editor.csproj", "{949D2096-8F0C-55A4-D91B-B9AB98070D40}"
EndProject
Project("{FAE04EC0-301F-11D3-BF4B-00C04F79EFBC}") = "Unity.2D.PixelPerfect.Editor", "Unity.2D.PixelPerfect.Editor.csproj", "{F5C96D61-85E4-5A69-E02A-8D40FF67C2A9}"
EndProject
Project("{FAE04EC0-301F-11D3-BF4B-00C04F79EFBC}") = "Assembly-CSharp-Editor-firstpass", "Assembly-CSharp-Editor-firstpass.csproj", "{9D6CE5EC-09AF-3AD3-0BB5-AB52236F020C}"
EndProject
Project("{FAE04EC0-301F-11D3-BF4B-00C04F79EFBC}") = "Unity.Mathematics.Editor", "Unity.Mathematics.Editor.csproj", "{5EC7B542-DF67-0F21-1C3B-00F77DD1B1B6}"
EndProject
Project("{FAE04EC0-301F-11D3-BF4B-00C04F79EFBC}") = "Unity.InternalAPIEditorBridge.001", "Unity.InternalAPIEditorBridge.001.csproj", "{81E14C18-77D5-D1F9-98D3-65D60206D4F1}"
EndProject
Global
	GlobalSection(SolutionConfigurationPlatforms) = preSolution
		Debug|Any CPU = Debug|Any CPU
		Release|Any CPU = Release|Any CPU
	EndGlobalSection
	GlobalSection(ProjectConfigurationPlatforms) = postSolution
		{C29ACA33-E3DC-48E6-57B1-56D8EED4F25B}.Debug|Any CPU.ActiveCfg = Debug|Any CPU
		{C29ACA33-E3DC-48E6-57B1-56D8EED4F25B}.Debug|Any CPU.Build.0 = Debug|Any CPU
		{C29ACA33-E3DC-48E6-57B1-56D8EED4F25B}.Release|Any CPU.ActiveCfg = Release|Any CPU
		{C29ACA33-E3DC-48E6-57B1-56D8EED4F25B}.Release|Any CPU.Build.0 = Release|Any CPU
		{B674DDE7-46F5-0E34-46A4-D1906DE62720}.Debug|Any CPU.ActiveCfg = Debug|Any CPU
		{B674DDE7-46F5-0E34-46A4-D1906DE62720}.Debug|Any CPU.Build.0 = Debug|Any CPU
		{B674DDE7-46F5-0E34-46A4-D1906DE62720}.Release|Any CPU.ActiveCfg = Release|Any CPU
		{B674DDE7-46F5-0E34-46A4-D1906DE62720}.Release|Any CPU.Build.0 = Release|Any CPU
		{D15EE315-F850-F60C-885C-784BCFA8BA13}.Debug|Any CPU.ActiveCfg = Debug|Any CPU
		{D15EE315-F850-F60C-885C-784BCFA8BA13}.Debug|Any CPU.Build.0 = Debug|Any CPU
		{D15EE315-F850-F60C-885C-784BCFA8BA13}.Release|Any CPU.ActiveCfg = Release|Any CPU
		{D15EE315-F850-F60C-885C-784BCFA8BA13}.Release|Any CPU.Build.0 = Release|Any CPU
		{A8230C34-10F3-5BC7-843E-06B027ED64C7}.Debug|Any CPU.ActiveCfg = Debug|Any CPU
		{A8230C34-10F3-5BC7-843E-06B027ED64C7}.Debug|Any CPU.Build.0 = Debug|Any CPU
		{A8230C34-10F3-5BC7-843E-06B027ED64C7}.Release|Any CPU.ActiveCfg = Release|Any CPU
		{A8230C34-10F3-5BC7-843E-06B027ED64C7}.Release|Any CPU.Build.0 = Release|Any CPU
		{BBF7AFDB-D6E1-28FF-D51E-503A7378600F}.Debug|Any CPU.ActiveCfg = Debug|Any CPU
		{BBF7AFDB-D6E1-28FF-D51E-503A7378600F}.Debug|Any CPU.Build.0 = Debug|Any CPU
		{BBF7AFDB-D6E1-28FF-D51E-503A7378600F}.Release|Any CPU.ActiveCfg = Release|Any CPU
		{BBF7AFDB-D6E1-28FF-D51E-503A7378600F}.Release|Any CPU.Build.0 = Release|Any CPU
		{12A1C654-441C-31AF-5A21-5CC5C8A6D8A7}.Debug|Any CPU.ActiveCfg = Debug|Any CPU
		{12A1C654-441C-31AF-5A21-5CC5C8A6D8A7}.Debug|Any CPU.Build.0 = Debug|Any CPU
		{12A1C654-441C-31AF-5A21-5CC5C8A6D8A7}.Release|Any CPU.ActiveCfg = Release|Any CPU
		{12A1C654-441C-31AF-5A21-5CC5C8A6D8A7}.Release|Any CPU.Build.0 = Release|Any CPU
		{45D88F34-EE6D-7E41-662A-CD803912FCAF}.Debug|Any CPU.ActiveCfg = Debug|Any CPU
		{45D88F34-EE6D-7E41-662A-CD803912FCAF}.Debug|Any CPU.Build.0 = Debug|Any CPU
		{45D88F34-EE6D-7E41-662A-CD803912FCAF}.Release|Any CPU.ActiveCfg = Release|Any CPU
		{45D88F34-EE6D-7E41-662A-CD803912FCAF}.Release|Any CPU.Build.0 = Release|Any CPU
		{28893230-3A03-05C6-F7EF-52D2FF2AC41F}.Debug|Any CPU.ActiveCfg = Debug|Any CPU
		{28893230-3A03-05C6-F7EF-52D2FF2AC41F}.Debug|Any CPU.Build.0 = Debug|Any CPU
		{28893230-3A03-05C6-F7EF-52D2FF2AC41F}.Release|Any CPU.ActiveCfg = Release|Any CPU
		{28893230-3A03-05C6-F7EF-52D2FF2AC41F}.Release|Any CPU.Build.0 = Release|Any CPU
		{6B60E507-E3AA-368C-CE62-F1E62F555B26}.Debug|Any CPU.ActiveCfg = Debug|Any CPU
		{6B60E507-E3AA-368C-CE62-F1E62F555B26}.Debug|Any CPU.Build.0 = Debug|Any CPU
		{6B60E507-E3AA-368C-CE62-F1E62F555B26}.Release|Any CPU.ActiveCfg = Release|Any CPU
		{6B60E507-E3AA-368C-CE62-F1E62F555B26}.Release|Any CPU.Build.0 = Release|Any CPU
		{C0BC5332-8682-4DA6-7B1F-C59186A31B6F}.Debug|Any CPU.ActiveCfg = Debug|Any CPU
		{C0BC5332-8682-4DA6-7B1F-C59186A31B6F}.Debug|Any CPU.Build.0 = Debug|Any CPU
		{C0BC5332-8682-4DA6-7B1F-C59186A31B6F}.Release|Any CPU.ActiveCfg = Release|Any CPU
		{C0BC5332-8682-4DA6-7B1F-C59186A31B6F}.Release|Any CPU.Build.0 = Release|Any CPU
		{7920E0A0-91D9-8C0C-6A7D-3300860372F0}.Debug|Any CPU.ActiveCfg = Debug|Any CPU
		{7920E0A0-91D9-8C0C-6A7D-3300860372F0}.Debug|Any CPU.Build.0 = Debug|Any CPU
		{7920E0A0-91D9-8C0C-6A7D-3300860372F0}.Release|Any CPU.ActiveCfg = Release|Any CPU
		{7920E0A0-91D9-8C0C-6A7D-3300860372F0}.Release|Any CPU.Build.0 = Release|Any CPU
		{F24FEA0B-C102-713F-8B58-B0C021C5F146}.Debug|Any CPU.ActiveCfg = Debug|Any CPU
		{F24FEA0B-C102-713F-8B58-B0C021C5F146}.Debug|Any CPU.Build.0 = Debug|Any CPU
		{F24FEA0B-C102-713F-8B58-B0C021C5F146}.Release|Any CPU.ActiveCfg = Release|Any CPU
		{F24FEA0B-C102-713F-8B58-B0C021C5F146}.Release|Any CPU.Build.0 = Release|Any CPU
		{7F23C78F-54CC-E319-504C-16DD5E83E1B7}.Debug|Any CPU.ActiveCfg = Debug|Any CPU
		{7F23C78F-54CC-E319-504C-16DD5E83E1B7}.Debug|Any CPU.Build.0 = Debug|Any CPU
		{7F23C78F-54CC-E319-504C-16DD5E83E1B7}.Release|Any CPU.ActiveCfg = Release|Any CPU
		{7F23C78F-54CC-E319-504C-16DD5E83E1B7}.Release|Any CPU.Build.0 = Release|Any CPU
		{59581ECD-4061-E561-135D-CC598D830479}.Debug|Any CPU.ActiveCfg = Debug|Any CPU
		{59581ECD-4061-E561-135D-CC598D830479}.Debug|Any CPU.Build.0 = Debug|Any CPU
		{59581ECD-4061-E561-135D-CC598D830479}.Release|Any CPU.ActiveCfg = Release|Any CPU
		{59581ECD-4061-E561-135D-CC598D830479}.Release|Any CPU.Build.0 = Release|Any CPU
		{DB9A3C60-8C14-6A8D-E729-A3AD6169C6C6}.Debug|Any CPU.ActiveCfg = Debug|Any CPU
		{DB9A3C60-8C14-6A8D-E729-A3AD6169C6C6}.Debug|Any CPU.Build.0 = Debug|Any CPU
		{DB9A3C60-8C14-6A8D-E729-A3AD6169C6C6}.Release|Any CPU.ActiveCfg = Release|Any CPU
		{DB9A3C60-8C14-6A8D-E729-A3AD6169C6C6}.Release|Any CPU.Build.0 = Release|Any CPU
		{7A7E81A2-9E4E-DD60-3A43-16A9072F11EF}.Debug|Any CPU.ActiveCfg = Debug|Any CPU
		{7A7E81A2-9E4E-DD60-3A43-16A9072F11EF}.Debug|Any CPU.Build.0 = Debug|Any CPU
		{7A7E81A2-9E4E-DD60-3A43-16A9072F11EF}.Release|Any CPU.ActiveCfg = Release|Any CPU
		{7A7E81A2-9E4E-DD60-3A43-16A9072F11EF}.Release|Any CPU.Build.0 = Release|Any CPU
		{4FE7FFE3-7099-B022-C1D7-20BA621979AF}.Debug|Any CPU.ActiveCfg = Debug|Any CPU
		{4FE7FFE3-7099-B022-C1D7-20BA621979AF}.Debug|Any CPU.Build.0 = Debug|Any CPU
		{4FE7FFE3-7099-B022-C1D7-20BA621979AF}.Release|Any CPU.ActiveCfg = Release|Any CPU
		{4FE7FFE3-7099-B022-C1D7-20BA621979AF}.Release|Any CPU.Build.0 = Release|Any CPU
		{AD57FC03-14C7-2EC3-13C2-BB9C6CB8B632}.Debug|Any CPU.ActiveCfg = Debug|Any CPU
		{AD57FC03-14C7-2EC3-13C2-BB9C6CB8B632}.Debug|Any CPU.Build.0 = Debug|Any CPU
		{AD57FC03-14C7-2EC3-13C2-BB9C6CB8B632}.Release|Any CPU.ActiveCfg = Release|Any CPU
		{AD57FC03-14C7-2EC3-13C2-BB9C6CB8B632}.Release|Any CPU.Build.0 = Release|Any CPU
		{BFA84A4D-281A-D760-63A0-EDB6AFBEE9FA}.Debug|Any CPU.ActiveCfg = Debug|Any CPU
		{BFA84A4D-281A-D760-63A0-EDB6AFBEE9FA}.Debug|Any CPU.Build.0 = Debug|Any CPU
		{BFA84A4D-281A-D760-63A0-EDB6AFBEE9FA}.Release|Any CPU.ActiveCfg = Release|Any CPU
		{BFA84A4D-281A-D760-63A0-EDB6AFBEE9FA}.Release|Any CPU.Build.0 = Release|Any CPU
		{738D7749-7255-D4B7-BCA4-B303001FBD68}.Debug|Any CPU.ActiveCfg = Debug|Any CPU
		{738D7749-7255-D4B7-BCA4-B303001FBD68}.Debug|Any CPU.Build.0 = Debug|Any CPU
		{738D7749-7255-D4B7-BCA4-B303001FBD68}.Release|Any CPU.ActiveCfg = Release|Any CPU
		{738D7749-7255-D4B7-BCA4-B303001FBD68}.Release|Any CPU.Build.0 = Release|Any CPU
		{5D8B9199-BEAC-EBCA-F3A8-9A618F7AE7E8}.Debug|Any CPU.ActiveCfg = Debug|Any CPU
		{5D8B9199-BEAC-EBCA-F3A8-9A618F7AE7E8}.Debug|Any CPU.Build.0 = Debug|Any CPU
		{5D8B9199-BEAC-EBCA-F3A8-9A618F7AE7E8}.Release|Any CPU.ActiveCfg = Release|Any CPU
		{5D8B9199-BEAC-EBCA-F3A8-9A618F7AE7E8}.Release|Any CPU.Build.0 = Release|Any CPU
		{1AE26955-4887-5EF6-955D-C195A9829B87}.Debug|Any CPU.ActiveCfg = Debug|Any CPU
		{1AE26955-4887-5EF6-955D-C195A9829B87}.Debug|Any CPU.Build.0 = Debug|Any CPU
		{1AE26955-4887-5EF6-955D-C195A9829B87}.Release|Any CPU.ActiveCfg = Release|Any CPU
		{1AE26955-4887-5EF6-955D-C195A9829B87}.Release|Any CPU.Build.0 = Release|Any CPU
		{033093D3-06FB-9BE9-58E6-1F3CE5B87016}.Debug|Any CPU.ActiveCfg = Debug|Any CPU
		{033093D3-06FB-9BE9-58E6-1F3CE5B87016}.Debug|Any CPU.Build.0 = Debug|Any CPU
		{033093D3-06FB-9BE9-58E6-1F3CE5B87016}.Release|Any CPU.ActiveCfg = Release|Any CPU
		{033093D3-06FB-9BE9-58E6-1F3CE5B87016}.Release|Any CPU.Build.0 = Release|Any CPU
		{C965971B-ED80-AFC7-81AD-44FB513D5586}.Debug|Any CPU.ActiveCfg = Debug|Any CPU
		{C965971B-ED80-AFC7-81AD-44FB513D5586}.Debug|Any CPU.Build.0 = Debug|Any CPU
		{C965971B-ED80-AFC7-81AD-44FB513D5586}.Release|Any CPU.ActiveCfg = Release|Any CPU
		{C965971B-ED80-AFC7-81AD-44FB513D5586}.Release|Any CPU.Build.0 = Release|Any CPU
		{A539985A-D71E-F190-896A-D127FA304906}.Debug|Any CPU.ActiveCfg = Debug|Any CPU
		{A539985A-D71E-F190-896A-D127FA304906}.Debug|Any CPU.Build.0 = Debug|Any CPU
		{A539985A-D71E-F190-896A-D127FA304906}.Release|Any CPU.ActiveCfg = Release|Any CPU
		{A539985A-D71E-F190-896A-D127FA304906}.Release|Any CPU.Build.0 = Release|Any CPU
		{9FE36D92-CEAC-D7CF-07B6-BEB48528A5C2}.Debug|Any CPU.ActiveCfg = Debug|Any CPU
		{9FE36D92-CEAC-D7CF-07B6-BEB48528A5C2}.Debug|Any CPU.Build.0 = Debug|Any CPU
		{9FE36D92-CEAC-D7CF-07B6-BEB48528A5C2}.Release|Any CPU.ActiveCfg = Release|Any CPU
		{9FE36D92-CEAC-D7CF-07B6-BEB48528A5C2}.Release|Any CPU.Build.0 = Release|Any CPU
		{8B55D291-BBF4-80D9-93C1-1BD965BC653C}.Debug|Any CPU.ActiveCfg = Debug|Any CPU
		{8B55D291-BBF4-80D9-93C1-1BD965BC653C}.Debug|Any CPU.Build.0 = Debug|Any CPU
		{8B55D291-BBF4-80D9-93C1-1BD965BC653C}.Release|Any CPU.ActiveCfg = Release|Any CPU
		{8B55D291-BBF4-80D9-93C1-1BD965BC653C}.Release|Any CPU.Build.0 = Release|Any CPU
		{96FA3F5E-2010-4000-B03A-18F50B83C592}.Debug|Any CPU.ActiveCfg = Debug|Any CPU
		{96FA3F5E-2010-4000-B03A-18F50B83C592}.Debug|Any CPU.Build.0 = Debug|Any CPU
		{96FA3F5E-2010-4000-B03A-18F50B83C592}.Release|Any CPU.ActiveCfg = Release|Any CPU
		{96FA3F5E-2010-4000-B03A-18F50B83C592}.Release|Any CPU.Build.0 = Release|Any CPU
		{3F3A173F-6C0B-74F7-8950-F133719C3B2D}.Debug|Any CPU.ActiveCfg = Debug|Any CPU
		{3F3A173F-6C0B-74F7-8950-F133719C3B2D}.Debug|Any CPU.Build.0 = Debug|Any CPU
		{3F3A173F-6C0B-74F7-8950-F133719C3B2D}.Release|Any CPU.ActiveCfg = Release|Any CPU
		{3F3A173F-6C0B-74F7-8950-F133719C3B2D}.Release|Any CPU.Build.0 = Release|Any CPU
		{949D2096-8F0C-55A4-D91B-B9AB98070D40}.Debug|Any CPU.ActiveCfg = Debug|Any CPU
		{949D2096-8F0C-55A4-D91B-B9AB98070D40}.Debug|Any CPU.Build.0 = Debug|Any CPU
		{949D2096-8F0C-55A4-D91B-B9AB98070D40}.Release|Any CPU.ActiveCfg = Release|Any CPU
		{949D2096-8F0C-55A4-D91B-B9AB98070D40}.Release|Any CPU.Build.0 = Release|Any CPU
		{F5C96D61-85E4-5A69-E02A-8D40FF67C2A9}.Debug|Any CPU.ActiveCfg = Debug|Any CPU
		{F5C96D61-85E4-5A69-E02A-8D40FF67C2A9}.Debug|Any CPU.Build.0 = Debug|Any CPU
		{F5C96D61-85E4-5A69-E02A-8D40FF67C2A9}.Release|Any CPU.ActiveCfg = Release|Any CPU
		{F5C96D61-85E4-5A69-E02A-8D40FF67C2A9}.Release|Any CPU.Build.0 = Release|Any CPU
		{9D6CE5EC-09AF-3AD3-0BB5-AB52236F020C}.Debug|Any CPU.ActiveCfg = Debug|Any CPU
		{9D6CE5EC-09AF-3AD3-0BB5-AB52236F020C}.Debug|Any CPU.Build.0 = Debug|Any CPU
		{9D6CE5EC-09AF-3AD3-0BB5-AB52236F020C}.Release|Any CPU.ActiveCfg = Release|Any CPU
		{9D6CE5EC-09AF-3AD3-0BB5-AB52236F020C}.Release|Any CPU.Build.0 = Release|Any CPU
		{5EC7B542-DF67-0F21-1C3B-00F77DD1B1B6}.Debug|Any CPU.ActiveCfg = Debug|Any CPU
		{5EC7B542-DF67-0F21-1C3B-00F77DD1B1B6}.Debug|Any CPU.Build.0 = Debug|Any CPU
		{5EC7B542-DF67-0F21-1C3B-00F77DD1B1B6}.Release|Any CPU.ActiveCfg = Release|Any CPU
		{5EC7B542-DF67-0F21-1C3B-00F77DD1B1B6}.Release|Any CPU.Build.0 = Release|Any CPU
		{81E14C18-77D5-D1F9-98D3-65D60206D4F1}.Debug|Any CPU.ActiveCfg = Debug|Any CPU
		{81E14C18-77D5-D1F9-98D3-65D60206D4F1}.Debug|Any CPU.Build.0 = Debug|Any CPU
		{81E14C18-77D5-D1F9-98D3-65D60206D4F1}.Release|Any CPU.ActiveCfg = Release|Any CPU
		{81E14C18-77D5-D1F9-98D3-65D60206D4F1}.Release|Any CPU.Build.0 = Release|Any CPU
	EndGlobalSection
	GlobalSection(SolutionProperties) = preSolution
		HideSolutionNode = FALSE
	EndGlobalSection
EndGlobal
